// !$*UTF8*$!
{
	archiveVersion = 1;
	classes = {
	};
	objectVersion = 48;
	objects = {

/* Begin PBXBuildFile section */
		A098CD331FD026F500BFB269 /* AppDelegate.m in Sources */ = {isa = PBXBuildFile; fileRef = A098CD321FD026F500BFB269 /* AppDelegate.m */; };
		A098CD361FD026F500BFB269 /* ViewController.m in Sources */ = {isa = PBXBuildFile; fileRef = A098CD351FD026F500BFB269 /* ViewController.m */; };
		A098CD391FD026F500BFB269 /* Main.storyboard in Resources */ = {isa = PBXBuildFile; fileRef = A098CD371FD026F500BFB269 /* Main.storyboard */; };
		A098CD3B1FD026F500BFB269 /* Assets.xcassets in Resources */ = {isa = PBXBuildFile; fileRef = A098CD3A1FD026F500BFB269 /* Assets.xcassets */; };
		A098CD3E1FD026F500BFB269 /* LaunchScreen.storyboard in Resources */ = {isa = PBXBuildFile; fileRef = A098CD3C1FD026F500BFB269 /* LaunchScreen.storyboard */; };
		A098CD411FD026F500BFB269 /* main.m in Sources */ = {isa = PBXBuildFile; fileRef = A098CD401FD026F500BFB269 /* main.m */; };
		A098CD4C1FD0F23E00BFB269 /* TTIndexBar.m in Sources */ = {isa = PBXBuildFile; fileRef = A098CD4B1FD0F23E00BFB269 /* TTIndexBar.m */; };
/* End PBXBuildFile section */

/* Begin PBXFileReference section */
		A098CD2E1FD026F500BFB269 /* TTIndexBarDemo.app */ = {isa = PBXFileReference; explicitFileType = wrapper.application; includeInIndex = 0; path = TTIndexBarDemo.app; sourceTree = BUILT_PRODUCTS_DIR; };
		A098CD311FD026F500BFB269 /* AppDelegate.h */ = {isa = PBXFileReference; lastKnownFileType = sourcecode.c.h; path = AppDelegate.h; sourceTree = "<group>"; };
		A098CD321FD026F500BFB269 /* AppDelegate.m */ = {isa = PBXFileReference; lastKnownFileType = sourcecode.c.objc; path = AppDelegate.m; sourceTree = "<group>"; };
		A098CD341FD026F500BFB269 /* ViewController.h */ = {isa = PBXFileReference; lastKnownFileType = sourcecode.c.h; path = ViewController.h; sourceTree = "<group>"; };
		A098CD351FD026F500BFB269 /* ViewController.m */ = {isa = PBXFileReference; lastKnownFileType = sourcecode.c.objc; path = ViewController.m; sourceTree = "<group>"; };
		A098CD381FD026F500BFB269 /* Base */ = {isa = PBXFileReference; lastKnownFileType = file.storyboard; name = Base; path = Base.lproj/Main.storyboard; sourceTree = "<group>"; };
		A098CD3A1FD026F500BFB269 /* Assets.xcassets */ = {isa = PBXFileReference; lastKnownFileType = folder.assetcatalog; path = Assets.xcassets; sourceTree = "<group>"; };
		A098CD3D1FD026F500BFB269 /* Base */ = {isa = PBXFileReference; lastKnownFileType = file.storyboard; name = Base; path = Base.lproj/LaunchScreen.storyboard; sourceTree = "<group>"; };
		A098CD3F1FD026F500BFB269 /* Info.plist */ = {isa = PBXFileReference; lastKnownFileType = text.plist.xml; path = Info.plist; sourceTree = "<group>"; };
		A098CD401FD026F500BFB269 /* main.m */ = {isa = PBXFileReference; lastKnownFileType = sourcecode.c.objc; path = main.m; sourceTree = "<group>"; };
		A098CD4A1FD0F23E00BFB269 /* TTIndexBar.h */ = {isa = PBXFileReference; fileEncoding = 4; lastKnownFileType = sourcecode.c.h; name = TTIndexBar.h; path = ../../TTIndexBar.h; sourceTree = "<group>"; };
		A098CD4B1FD0F23E00BFB269 /* TTIndexBar.m */ = {isa = PBXFileReference; fileEncoding = 4; lastKnownFileType = sourcecode.c.objc; name = TTIndexBar.m; path = ../../TTIndexBar.m; sourceTree = "<group>"; };
/* End PBXFileReference section */

/* Begin PBXFrameworksBuildPhase section */
		A098CD2B1FD026F500BFB269 /* Frameworks */ = {
			isa = PBXFrameworksBuildPhase;
			buildActionMask = 2147483647;
			files = (
			);
			runOnlyForDeploymentPostprocessing = 0;
		};
/* End PBXFrameworksBuildPhase section */

/* Begin PBXGroup section */
		A098CD251FD026F500BFB269 = {
			isa = PBXGroup;
			children = (
				A098CD301FD026F500BFB269 /* TTIndexBarDemo */,
				A098CD2F1FD026F500BFB269 /* Products */,
			);
			sourceTree = "<group>";
		};
		A098CD2F1FD026F500BFB269 /* Products */ = {
			isa = PBXGroup;
			children = (
				A098CD2E1FD026F500BFB269 /* TTIndexBarDemo.app */,
			);
			name = Products;
			sourceTree = "<group>";
		};
		A098CD301FD026F500BFB269 /* TTIndexBarDemo */ = {
			isa = PBXGroup;
			children = (
				A098CD4A1FD0F23E00BFB269 /* TTIndexBar.h */,
				A098CD4B1FD0F23E00BFB269 /* TTIndexBar.m */,
				A098CD311FD026F500BFB269 /* AppDelegate.h */,
				A098CD321FD026F500BFB269 /* AppDelegate.m */,
				A098CD341FD026F500BFB269 /* ViewController.h */,
				A098CD351FD026F500BFB269 /* ViewController.m */,
				A098CD371FD026F500BFB269 /* Main.storyboard */,
				A098CD3A1FD026F500BFB269 /* Assets.xcassets */,
				A098CD3C1FD026F500BFB269 /* LaunchScreen.storyboard */,
				A098CD3F1FD026F500BFB269 /* Info.plist */,
				A098CD401FD026F500BFB269 /* main.m */,
			);
			path = TTIndexBarDemo;
			sourceTree = "<group>";
		};
/* End PBXGroup section */

/* Begin PBXNativeTarget section */
		A098CD2D1FD026F500BFB269 /* TTIndexBarDemo */ = {
			isa = PBXNativeTarget;
			buildConfigurationList = A098CD441FD026F500BFB269 /* Build configuration list for PBXNativeTarget "TTIndexBarDemo" */;
			buildPhases = (
				A098CD2A1FD026F500BFB269 /* Sources */,
				A098CD2B1FD026F500BFB269 /* Frameworks */,
				A098CD2C1FD026F500BFB269 /* Resources */,
			);
			buildRules = (
			);
			dependencies = (
			);
			name = TTIndexBarDemo;
			productName = TTIndexBarDemo;
			productReference = A098CD2E1FD026F500BFB269 /* TTIndexBarDemo.app */;
			productType = "com.apple.product-type.application";
		};
/* End PBXNativeTarget section */

/* Begin PBXProject section */
		A098CD261FD026F500BFB269 /* Project object */ = {
			isa = PBXProject;
			attributes = {
				LastUpgradeCheck = 0910;
				ORGANIZATIONNAME = Chouee;
				TargetAttributes = {
					A098CD2D1FD026F500BFB269 = {
						CreatedOnToolsVersion = 9.1;
						ProvisioningStyle = Automatic;
					};
				};
			};
			buildConfigurationList = A098CD291FD026F500BFB269 /* Build configuration list for PBXProject "TTIndexBarDemo" */;
			compatibilityVersion = "Xcode 8.0";
			developmentRegion = en;
			hasScannedForEncodings = 0;
			knownRegions = (
				en,
				Base,
			);
			mainGroup = A098CD251FD026F500BFB269;
			productRefGroup = A098CD2F1FD026F500BFB269 /* Products */;
			projectDirPath = "";
			projectRoot = "";
			targets = (
				A098CD2D1FD026F500BFB269 /* TTIndexBarDemo */,
			);
		};
/* End PBXProject section */

/* Begin PBXResourcesBuildPhase section */
		A098CD2C1FD026F500BFB269 /* Resources */ = {
			isa = PBXResourcesBuildPhase;
			buildActionMask = 2147483647;
			files = (
				A098CD3E1FD026F500BFB269 /* LaunchScreen.storyboard in Resources */,
				A098CD3B1FD026F500BFB269 /* Assets.xcassets in Resources */,
				A098CD391FD026F500BFB269 /* Main.storyboard in Resources */,
			);
			runOnlyForDeploymentPostprocessing = 0;
		};
/* End PBXResourcesBuildPhase section */

/* Begin PBXSourcesBuildPhase section */
		A098CD2A1FD026F500BFB269 /* Sources */ = {
			isa = PBXSourcesBuildPhase;
			buildActionMask = 2147483647;
			files = (
				A098CD4C1FD0F23E00BFB269 /* TTIndexBar.m in Sources */,
				A098CD361FD026F500BFB269 /* ViewController.m in Sources */,
				A098CD411FD026F500BFB269 /* main.m in Sources */,
				A098CD331FD026F500BFB269 /* AppDelegate.m in Sources */,
			);
			runOnlyForDeploymentPostprocessing = 0;
		};
/* End PBXSourcesBuildPhase section */

/* Begin PBXVariantGroup section */
		A098CD371FD026F500BFB269 /* Main.storyboard */ = {
			isa = PBXVariantGroup;
			children = (
				A098CD381FD026F500BFB269 /* Base */,
			);
			name = Main.storyboard;
			sourceTree = "<group>";
		};
		A098CD3C1FD026F500BFB269 /* LaunchScreen.storyboard */ = {
			isa = PBXVariantGroup;
			children = (
				A098CD3D1FD026F500BFB269 /* Base */,
			);
			name = LaunchScreen.storyboard;
			sourceTree = "<group>";
		};
/* End PBXVariantGroup section */

/* Begin XCBuildConfiguration section */
		A098CD421FD026F500BFB269 /* Debug */ = {
			isa = XCBuildConfiguration;
			buildSettings = {
				ALWAYS_SEARCH_USER_PATHS = NO;
				CLANG_ANALYZER_NONNULL = YES;
				CLANG_ANALYZER_NUMBER_OBJECT_CONVERSION = YES_AGGRESSIVE;
				CLANG_CXX_LANGUAGE_STANDARD = "gnu++14";
				CLANG_CXX_LIBRARY = "libc++";
				CLANG_ENABLE_MODULES = YES;
				CLANG_ENABLE_OBJC_ARC = YES;
				CLANG_WARN_BLOCK_CAPTURE_AUTORELEASING = YES;
				CLANG_WARN_BOOL_CONVERSION = YES;
				CLANG_WARN_COMMA = YES;
				CLANG_WARN_CONSTANT_CONVERSION = YES;
				CLANG_WARN_DIRECT_OBJC_ISA_USAGE = YES_ERROR;
				CLANG_WARN_DOCUMENTATION_COMMENTS = YES;
				CLANG_WARN_EMPTY_BODY = YES;
				CLANG_WARN_ENUM_CONVERSION = YES;
				CLANG_WARN_INFINITE_RECURSION = YES;
				CLANG_WARN_INT_CONVERSION = YES;
				CLANG_WARN_NON_LITERAL_NULL_CONVERSION = YES;
				CLANG_WARN_OBJC_LITERAL_CONVERSION = YES;
				CLANG_WARN_OBJC_ROOT_CLASS = YES_ERROR;
				CLANG_WARN_RANGE_LOOP_ANALYSIS = YES;
				CLANG_WARN_STRICT_PROTOTYPES = YES;
				CLANG_WARN_SUSPICIOUS_MOVE = YES;
				CLANG_WARN_UNGUARDED_AVAILABILITY = YES_AGGRESSIVE;
				CLANG_WARN_UNREACHABLE_CODE = YES;
				CLANG_WARN__DUPLICATE_METHOD_MATCH = YES;
				CODE_SIGN_IDENTITY = "iPhone Developer";
				COPY_PHASE_STRIP = NO;
				DEBUG_INFORMATION_FORMAT = dwarf;
				ENABLE_STRICT_OBJC_MSGSEND = YES;
				ENABLE_TESTABILITY = YES;
				GCC_C_LANGUAGE_STANDARD = gnu11;
				GCC_DYNAMIC_NO_PIC = NO;
				GCC_NO_COMMON_BLOCKS = YES;
				GCC_OPTIMIZATION_LEVEL = 0;
				GCC_PREPROCESSOR_DEFINITIONS = (
					"DEBUG=1",
					"$(inherited)",
				);
				GCC_WARN_64_TO_32_BIT_CONVERSION = YES;
				GCC_WARN_ABOUT_RETURN_TYPE = YES_ERROR;
				GCC_WARN_UNDECLARED_SELECTOR = YES;
				GCC_WARN_UNINITIALIZED_AUTOS = YES_AGGRESSIVE;
				GCC_WARN_UNUSED_FUNCTION = YES;
				GCC_WARN_UNUSED_VARIABLE = YES;
				IPHONEOS_DEPLOYMENT_TARGET = 9.0;
				MTL_ENABLE_DEBUG_INFO = YES;
				ONLY_ACTIVE_ARCH = YES;
				SDKROOT = iphoneos;
			};
			name = Debug;
		};
		A098CD431FD026F500BFB269 /* Release */ = {
			isa = XCBuildConfiguration;
			buildSettings = {
				ALWAYS_SEARCH_USER_PATHS = NO;
				CLANG_ANALYZER_NONNULL = YES;
				CLANG_ANALYZER_NUMBER_OBJECT_CONVERSION = YES_AGGRESSIVE;
				CLANG_CXX_LANGUAGE_STANDARD = "gnu++14";
				CLANG_CXX_LIBRARY = "libc++";
				CLANG_ENABLE_MODULES = YES;
				CLANG_ENABLE_OBJC_ARC = YES;
				CLANG_WARN_BLOCK_CAPTURE_AUTORELEASING = YES;
				CLANG_WARN_BOOL_CONVERSION = YES;
				CLANG_WARN_COMMA = YES;
				CLANG_WARN_CONSTANT_CONVERSION = YES;
				CLANG_WARN_DIRECT_OBJC_ISA_USAGE = YES_ERROR;
				CLANG_WARN_DOCUMENTATION_COMMENTS = YES;
				CLANG_WARN_EMPTY_BODY = YES;
				CLANG_WARN_ENUM_CONVERSION = YES;
				CLANG_WARN_INFINITE_RECURSION = YES;
				CLANG_WARN_INT_CONVERSION = YES;
				CLANG_WARN_NON_LITERAL_NULL_CONVERSION = YES;
				CLANG_WARN_OBJC_LITERAL_CONVERSION = YES;
				CLANG_WARN_OBJC_ROOT_CLASS = YES_ERROR;
				CLANG_WARN_RANGE_LOOP_ANALYSIS = YES;
				CLANG_WARN_STRICT_PROTOTYPES = YES;
				CLANG_WARN_SUSPICIOUS_MOVE = YES;
				CLANG_WARN_UNGUARDED_AVAILABILITY = YES_AGGRESSIVE;
				CLANG_WARN_UNREACHABLE_CODE = YES;
				CLANG_WARN__DUPLICATE_METHOD_MATCH = YES;
				CODE_SIGN_IDENTITY = "iPhone Developer";
				COPY_PHASE_STRIP = NO;
				DEBUG_INFORMATION_FORMAT = "dwarf-with-dsym";
				ENABLE_NS_ASSERTIONS = NO;
				ENABLE_STRICT_OBJC_MSGSEND = YES;
				GCC_C_LANGUAGE_STANDARD = gnu11;
				GCC_NO_COMMON_BLOCKS = YES;
				GCC_WARN_64_TO_32_BIT_CONVERSION = YES;
				GCC_WARN_ABOUT_RETURN_TYPE = YES_ERROR;
				GCC_WARN_UNDECLARED_SELECTOR = YES;
				GCC_WARN_UNINITIALIZED_AUTOS = YES_AGGRESSIVE;
				GCC_WARN_UNUSED_FUNCTION = YES;
				GCC_WARN_UNUSED_VARIABLE = YES;
				IPHONEOS_DEPLOYMENT_TARGET = 9.0;
				MTL_ENABLE_DEBUG_INFO = NO;
				SDKROOT = iphoneos;
				VALIDATE_PRODUCT = YES;
			};
			name = Release;
		};
		A098CD451FD026F500BFB269 /* Debug */ = {
			isa = XCBuildConfiguration;
			buildSettings = {
				ASSETCATALOG_COMPILER_APPICON_NAME = AppIcon;
				CODE_SIGN_STYLE = Automatic;
				DEVELOPMENT_TEAM = 5NMU4WTM2C;
				INFOPLIST_FILE = TTIndexBarDemo/Info.plist;
				LD_RUNPATH_SEARCH_PATHS = "$(inherited) @executable_path/Frameworks";
				PRODUCT_BUNDLE_IDENTIFIER = com.zhouting.TTIndexBarDemo;
				PRODUCT_NAME = "$(TARGET_NAME)";
				TARGETED_DEVICE_FAMILY = "1,2";
			};
			name = Debug;
		};
		A098CD461FD026F500BFB269 /* Release */ = {
			isa = XCBuildConfiguration;
			buildSettings = {
				ASSETCATALOG_COMPILER_APPICON_NAME = AppIcon;
				CODE_SIGN_STYLE = Automatic;
				DEVELOPMENT_TEAM = 5NMU4WTM2C;
				INFOPLIST_FILE = TTIndexBarDemo/Info.plist;
				LD_RUNPATH_SEARCH_PATHS = "$(inherited) @executable_path/Frameworks";
				PRODUCT_BUNDLE_IDENTIFIER = com.zhouting.TTIndexBarDemo;
				PRODUCT_NAME = "$(TARGET_NAME)";
				TARGETED_DEVICE_FAMILY = "1,2";
			};
			name = Release;
		};
/* End XCBuildConfiguration section */

/* Begin XCConfigurationList section */
		A098CD291FD026F500BFB269 /* Build configuration list for PBXProject "TTIndexBarDemo" */ = {
			isa = XCConfigurationList;
			buildConfigurations = (
				A098CD421FD026F500BFB269 /* Debug */,
				A098CD431FD026F500BFB269 /* Release */,
			);
			defaultConfigurationIsVisible = 0;
			defaultConfigurationName = Release;
		};
		A098CD441FD026F500BFB269 /* Build configuration list for PBXNativeTarget "TTIndexBarDemo" */ = {
			isa = XCConfigurationList;
			buildConfigurations = (
				A098CD451FD026F500BFB269 /* Debug */,
				A098CD461FD026F500BFB269 /* Release */,
			);
			defaultConfigurationIsVisible = 0;
			defaultConfigurationName = Release;
		};
/* End XCConfigurationList section */
	};
	rootObject = A098CD261FD026F500BFB269 /* Project object */;
}
